
Microsoft Visual Studio Solution File, Format Version 12.00
# Visual Studio 15
Project("{FAE04EC0-301F-11D3-BF4B-00C04F79EFBC}") = "PlayFab", "PlayFab.csproj", "{ED69E01D-0FCD-F2C9-2853-81B698490E95}"
EndProject
Project("{FAE04EC0-301F-11D3-BF4B-00C04F79EFBC}") = "Assembly-CSharp", "Assembly-CSharp.csproj", "{E85B8C32-6712-97B1-FF72-FDC2162E0718}"
EndProject
Project("{FAE04EC0-301F-11D3-BF4B-00C04F79EFBC}") = "PlayFabEditorExtensions", "PlayFabEditorExtensions.csproj", "{CCC02525-1BAC-1E88-CD63-32ECBB3F6356}"
EndProject
Project("{FAE04EC0-301F-11D3-BF4B-00C04F79EFBC}") = "PlayFabSDKEditor", "PlayFabSDKEditor.csproj", "{67AF6DE4-7972-E1E9-23B4-CD2C38A49E6A}"
EndProject
Global
	GlobalSection(SolutionConfigurationPlatforms) = preSolution
		Debug|Any CPU = Debug|Any CPU
		Release|Any CPU = Release|Any CPU
	EndGlobalSection
	GlobalSection(ProjectConfigurationPlatforms) = postSolution
		{ED69E01D-0FCD-F2C9-2853-81B698490E95}.Debug|Any CPU.ActiveCfg = Debug|Any CPU
		{ED69E01D-0FCD-F2C9-2853-81B698490E95}.Debug|Any CPU.Build.0 = Debug|Any CPU
		{ED69E01D-0FCD-F2C9-2853-81B698490E95}.Release|Any CPU.ActiveCfg = Release|Any CPU
		{ED69E01D-0FCD-F2C9-2853-81B698490E95}.Release|Any CPU.Build.0 = Release|Any CPU
		{E85B8C32-6712-97B1-FF72-FDC2162E0718}.Debug|Any CPU.ActiveCfg = Debug|Any CPU
		{E85B8C32-6712-97B1-FF72-FDC2162E0718}.Debug|Any CPU.Build.0 = Debug|Any CPU
		{E85B8C32-6712-97B1-FF72-FDC2162E0718}.Release|Any CPU.ActiveCfg = Release|Any CPU
		{E85B8C32-6712-97B1-FF72-FDC2162E0718}.Release|Any CPU.Build.0 = Release|Any CPU
		{CCC02525-1BAC-1E88-CD63-32ECBB3F6356}.Debug|Any CPU.ActiveCfg = Debug|Any CPU
		{CCC02525-1BAC-1E88-CD63-32ECBB3F6356}.Debug|Any CPU.Build.0 = Debug|Any CPU
		{CCC02525-1BAC-1E88-CD63-32ECBB3F6356}.Release|Any CPU.ActiveCfg = Release|Any CPU
		{CCC02525-1BAC-1E88-CD63-32ECBB3F6356}.Release|Any CPU.Build.0 = Release|Any CPU
		{67AF6DE4-7972-E1E9-23B4-CD2C38A49E6A}.Debug|Any CPU.ActiveCfg = Debug|Any CPU
		{67AF6DE4-7972-E1E9-23B4-CD2C38A49E6A}.Debug|Any CPU.Build.0 = Debug|Any CPU
		{67AF6DE4-7972-E1E9-23B4-CD2C38A49E6A}.Release|Any CPU.ActiveCfg = Release|Any CPU
		{67AF6DE4-7972-E1E9-23B4-CD2C38A49E6A}.Release|Any CPU.Build.0 = Release|Any CPU
	EndGlobalSection
	GlobalSection(SolutionProperties) = preSolution
		HideSolutionNode = FALSE
	EndGlobalSection
EndGlobal
