
Microsoft Visual Studio Solution File, Format Version 12.00
# Visual Studio 15
Project("{FAE04EC0-301F-11D3-BF4B-00C04F79EFBC}") = "PlayFab", "PlayFab.csproj", "{F270CCC8-F11D-88AF-422E-A7C2FF3DD899}"
EndProject
Project("{FAE04EC0-301F-11D3-BF4B-00C04F79EFBC}") = "Assembly-CSharp", "Assembly-CSharp.csproj", "{AEBECD02-7C8B-76AC-61FF-182B2A9FE4B3}"
EndProject
Project("{FAE04EC0-301F-11D3-BF4B-00C04F79EFBC}") = "PlayFabEditorExtensions", "PlayFabEditorExtensions.csproj", "{0EE47E00-F2B9-819A-2FB1-E92FBB269A98}"
EndProject
Project("{FAE04EC0-301F-11D3-BF4B-00C04F79EFBC}") = "PlayFabSDKEditor", "PlayFabSDKEditor.csproj", "{D401476D-28AC-994C-6D0E-F75808E04986}"
EndProject
Global
	GlobalSection(SolutionConfigurationPlatforms) = preSolution
		Debug|Any CPU = Debug|Any CPU
		Release|Any CPU = Release|Any CPU
	EndGlobalSection
	GlobalSection(ProjectConfigurationPlatforms) = postSolution
		{F270CCC8-F11D-88AF-422E-A7C2FF3DD899}.Debug|Any CPU.ActiveCfg = Debug|Any CPU
		{F270CCC8-F11D-88AF-422E-A7C2FF3DD899}.Debug|Any CPU.Build.0 = Debug|Any CPU
		{F270CCC8-F11D-88AF-422E-A7C2FF3DD899}.Release|Any CPU.ActiveCfg = Release|Any CPU
		{F270CCC8-F11D-88AF-422E-A7C2FF3DD899}.Release|Any CPU.Build.0 = Release|Any CPU
		{AEBECD02-7C8B-76AC-61FF-182B2A9FE4B3}.Debug|Any CPU.ActiveCfg = Debug|Any CPU
		{AEBECD02-7C8B-76AC-61FF-182B2A9FE4B3}.Debug|Any CPU.Build.0 = Debug|Any CPU
		{AEBECD02-7C8B-76AC-61FF-182B2A9FE4B3}.Release|Any CPU.ActiveCfg = Release|Any CPU
		{AEBECD02-7C8B-76AC-61FF-182B2A9FE4B3}.Release|Any CPU.Build.0 = Release|Any CPU
		{0EE47E00-F2B9-819A-2FB1-E92FBB269A98}.Debug|Any CPU.ActiveCfg = Debug|Any CPU
		{0EE47E00-F2B9-819A-2FB1-E92FBB269A98}.Debug|Any CPU.Build.0 = Debug|Any CPU
		{0EE47E00-F2B9-819A-2FB1-E92FBB269A98}.Release|Any CPU.ActiveCfg = Release|Any CPU
		{0EE47E00-F2B9-819A-2FB1-E92FBB269A98}.Release|Any CPU.Build.0 = Release|Any CPU
		{D401476D-28AC-994C-6D0E-F75808E04986}.Debug|Any CPU.ActiveCfg = Debug|Any CPU
		{D401476D-28AC-994C-6D0E-F75808E04986}.Debug|Any CPU.Build.0 = Debug|Any CPU
		{D401476D-28AC-994C-6D0E-F75808E04986}.Release|Any CPU.ActiveCfg = Release|Any CPU
		{D401476D-28AC-994C-6D0E-F75808E04986}.Release|Any CPU.Build.0 = Release|Any CPU
	EndGlobalSection
	GlobalSection(SolutionProperties) = preSolution
		HideSolutionNode = FALSE
	EndGlobalSection
EndGlobal
